// !$*UTF8*$!
{
	archiveVersion = 1;
	classes = {
	};
	objectVersion = 46;
	objects = {

/* Begin PBXBuildFile section */
		3C3D58371C9315A000F346C6 /* Item.swift in Sources */ = {isa = PBXBuildFile; fileRef = 3C3D58361C9315A000F346C6 /* Item.swift */; };
		3C5CC2041C98084D00B5144A /* DetailViewController.swift in Sources */ = {isa = PBXBuildFile; fileRef = 3C5CC2031C98084D00B5144A /* DetailViewController.swift */; };
		3C6483C11C931F5F008E2E81 /* ListViewController.swift in Sources */ = {isa = PBXBuildFile; fileRef = 3C6483C01C931F5F008E2E81 /* ListViewController.swift */; };
		3C86D3071C91C6E200FE5ED5 /* AppDelegate.swift in Sources */ = {isa = PBXBuildFile; fileRef = 3C86D3061C91C6E200FE5ED5 /* AppDelegate.swift */; };
		3C86D30C1C91C6E200FE5ED5 /* Main.storyboard in Resources */ = {isa = PBXBuildFile; fileRef = 3C86D30A1C91C6E200FE5ED5 /* Main.storyboard */; };
		3C86D30E1C91C6E200FE5ED5 /* Assets.xcassets in Resources */ = {isa = PBXBuildFile; fileRef = 3C86D30D1C91C6E200FE5ED5 /* Assets.xcassets */; };
		3C86D3111C91C6E200FE5ED5 /* LaunchScreen.storyboard in Resources */ = {isa = PBXBuildFile; fileRef = 3C86D30F1C91C6E200FE5ED5 /* LaunchScreen.storyboard */; };
/* End PBXBuildFile section */

/* Begin PBXFileReference section */
		3C3D58361C9315A000F346C6 /* Item.swift */ = {isa = PBXFileReference; fileEncoding = 4; lastKnownFileType = sourcecode.swift; path = Item.swift; sourceTree = "<group>"; };
		3C5CC2031C98084D00B5144A /* DetailViewController.swift */ = {isa = PBXFileReference; fileEncoding = 4; lastKnownFileType = sourcecode.swift; path = DetailViewController.swift; sourceTree = "<group>"; };
		3C6483C01C931F5F008E2E81 /* ListViewController.swift */ = {isa = PBXFileReference; fileEncoding = 4; lastKnownFileType = sourcecode.swift; name = ListViewController.swift; path = ../ListViewController.swift; sourceTree = "<group>"; };
		3C86D3031C91C6E200FE5ED5 /* NewsReader.app */ = {isa = PBXFileReference; explicitFileType = wrapper.application; includeInIndex = 0; path = NewsReader.app; sourceTree = BUILT_PRODUCTS_DIR; };
		3C86D3061C91C6E200FE5ED5 /* AppDelegate.swift */ = {isa = PBXFileReference; lastKnownFileType = sourcecode.swift; path = AppDelegate.swift; sourceTree = "<group>"; };
		3C86D30B1C91C6E200FE5ED5 /* Base */ = {isa = PBXFileReference; lastKnownFileType = file.storyboard; name = Base; path = Base.lproj/Main.storyboard; sourceTree = "<group>"; };
		3C86D30D1C91C6E200FE5ED5 /* Assets.xcassets */ = {isa = PBXFileReference; lastKnownFileType = folder.assetcatalog; path = Assets.xcassets; sourceTree = "<group>"; };
		3C86D3101C91C6E200FE5ED5 /* Base */ = {isa = PBXFileReference; lastKnownFileType = file.storyboard; name = Base; path = Base.lproj/LaunchScreen.storyboard; sourceTree = "<group>"; };
		3C86D3121C91C6E200FE5ED5 /* Info.plist */ = {isa = PBXFileReference; lastKnownFileType = text.plist.xml; path = Info.plist; sourceTree = "<group>"; };
/* End PBXFileReference section */

/* Begin PBXFrameworksBuildPhase section */
		3C86D3001C91C6E200FE5ED5 /* Frameworks */ = {
			isa = PBXFrameworksBuildPhase;
			buildActionMask = 2147483647;
			files = (
			);
			runOnlyForDeploymentPostprocessing = 0;
		};
/* End PBXFrameworksBuildPhase section */

/* Begin PBXGroup section */
		3C86D2FA1C91C6E200FE5ED5 = {
			isa = PBXGroup;
			children = (
				3C86D3051C91C6E200FE5ED5 /* NewsReader */,
				3C86D3041C91C6E200FE5ED5 /* Products */,
			);
			sourceTree = "<group>";
		};
		3C86D3041C91C6E200FE5ED5 /* Products */ = {
			isa = PBXGroup;
			children = (
				3C86D3031C91C6E200FE5ED5 /* NewsReader.app */,
			);
			name = Products;
			sourceTree = "<group>";
		};
		3C86D3051C91C6E200FE5ED5 /* NewsReader */ = {
			isa = PBXGroup;
			children = (
				3C3D58361C9315A000F346C6 /* Item.swift */,
				3C86D3061C91C6E200FE5ED5 /* AppDelegate.swift */,
				3C86D30A1C91C6E200FE5ED5 /* Main.storyboard */,
				3C5CC2031C98084D00B5144A /* DetailViewController.swift */,
				3C6483C01C931F5F008E2E81 /* ListViewController.swift */,
				3C86D30D1C91C6E200FE5ED5 /* Assets.xcassets */,
				3C86D30F1C91C6E200FE5ED5 /* LaunchScreen.storyboard */,
				3C86D3121C91C6E200FE5ED5 /* Info.plist */,
			);
			path = NewsReader;
			sourceTree = "<group>";
		};
/* End PBXGroup section */

/* Begin PBXNativeTarget section */
		3C86D3021C91C6E200FE5ED5 /* NewsReader */ = {
			isa = PBXNativeTarget;
			buildConfigurationList = 3C86D3151C91C6E200FE5ED5 /* Build configuration list for PBXNativeTarget "NewsReader" */;
			buildPhases = (
				3C86D2FF1C91C6E200FE5ED5 /* Sources */,
				3C86D3001C91C6E200FE5ED5 /* Frameworks */,
				3C86D3011C91C6E200FE5ED5 /* Resources */,
			);
			buildRules = (
			);
			dependencies = (
			);
			name = NewsReader;
			productName = NewsReader;
			productReference = 3C86D3031C91C6E200FE5ED5 /* NewsReader.app */;
			productType = "com.apple.product-type.application";
		};
/* End PBXNativeTarget section */

/* Begin PBXProject section */
		3C86D2FB1C91C6E200FE5ED5 /* Project object */ = {
			isa = PBXProject;
			attributes = {
				LastSwiftUpdateCheck = 0720;
				LastUpgradeCheck = 0720;
				ORGANIZATIONNAME = mycompany;
				TargetAttributes = {
					3C86D3021C91C6E200FE5ED5 = {
						CreatedOnToolsVersion = 7.2.1;
						DevelopmentTeam = ZM6MZ66QHY;
					};
				};
			};
			buildConfigurationList = 3C86D2FE1C91C6E200FE5ED5 /* Build configuration list for PBXProject "NewsReader" */;
			compatibilityVersion = "Xcode 3.2";
			developmentRegion = English;
			hasScannedForEncodings = 0;
			knownRegions = (
				en,
				Base,
			);
			mainGroup = 3C86D2FA1C91C6E200FE5ED5;
			productRefGroup = 3C86D3041C91C6E200FE5ED5 /* Products */;
			projectDirPath = "";
			projectRoot = "";
			targets = (
				3C86D3021C91C6E200FE5ED5 /* NewsReader */,
			);
		};
/* End PBXProject section */

/* Begin PBXResourcesBuildPhase section */
		3C86D3011C91C6E200FE5ED5 /* Resources */ = {
			isa = PBXResourcesBuildPhase;
			buildActionMask = 2147483647;
			files = (
				3C86D3111C91C6E200FE5ED5 /* LaunchScreen.storyboard in Resources */,
				3C86D30E1C91C6E200FE5ED5 /* Assets.xcassets in Resources */,
				3C86D30C1C91C6E200FE5ED5 /* Main.storyboard in Resources */,
			);
			runOnlyForDeploymentPostprocessing = 0;
		};
/* End PBXResourcesBuildPhase section */

/* Begin PBXSourcesBuildPhase section */
		3C86D2FF1C91C6E200FE5ED5 /* Sources */ = {
			isa = PBXSourcesBuildPhase;
			buildActionMask = 2147483647;
			files = (
				3C3D58371C9315A000F346C6 /* Item.swift in Sources */,
				3C86D3071C91C6E200FE5ED5 /* AppDelegate.swift in Sources */,
				3C6483C11C931F5F008E2E81 /* ListViewController.swift in Sources */,
				3C5CC2041C98084D00B5144A /* DetailViewController.swift in Sources */,
			);
			runOnlyForDeploymentPostprocessing = 0;
		};
/* End PBXSourcesBuildPhase section */

/* Begin PBXVariantGroup section */
		3C86D30A1C91C6E200FE5ED5 /* Main.storyboard */ = {
			isa = PBXVariantGroup;
			children = (
				3C86D30B1C91C6E200FE5ED5 /* Base */,
			);
			name = Main.storyboard;
			sourceTree = "<group>";
		};
		3C86D30F1C91C6E200FE5ED5 /* LaunchScreen.storyboard */ = {
			isa = PBXVariantGroup;
			children = (
				3C86D3101C91C6E200FE5ED5 /* Base */,
			);
			name = LaunchScreen.storyboard;
			sourceTree = "<group>";
		};
/* End PBXVariantGroup section */

/* Begin XCBuildConfiguration section */
		3C86D3131C91C6E200FE5ED5 /* Debug */ = {
			isa = XCBuildConfiguration;
			buildSettings = {
				ALWAYS_SEARCH_USER_PATHS = NO;
				CLANG_CXX_LANGUAGE_STANDARD = "gnu++0x";
				CLANG_CXX_LIBRARY = "libc++";
				CLANG_ENABLE_MODULES = YES;
				CLANG_ENABLE_OBJC_ARC = YES;
				CLANG_WARN_BOOL_CONVERSION = YES;
				CLANG_WARN_CONSTANT_CONVERSION = YES;
				CLANG_WARN_DIRECT_OBJC_ISA_USAGE = YES_ERROR;
				CLANG_WARN_EMPTY_BODY = YES;
				CLANG_WARN_ENUM_CONVERSION = YES;
				CLANG_WARN_INT_CONVERSION = YES;
				CLANG_WARN_OBJC_ROOT_CLASS = YES_ERROR;
				CLANG_WARN_UNREACHABLE_CODE = YES;
				CLANG_WARN__DUPLICATE_METHOD_MATCH = YES;
				"CODE_SIGN_IDENTITY[sdk=iphoneos*]" = "iPhone Developer";
				COPY_PHASE_STRIP = NO;
				DEBUG_INFORMATION_FORMAT = dwarf;
				ENABLE_STRICT_OBJC_MSGSEND = YES;
				ENABLE_TESTABILITY = YES;
				GCC_C_LANGUAGE_STANDARD = gnu99;
				GCC_DYNAMIC_NO_PIC = NO;
				GCC_NO_COMMON_BLOCKS = YES;
				GCC_OPTIMIZATION_LEVEL = 0;
				GCC_PREPROCESSOR_DEFINITIONS = (
					"DEBUG=1",
					"$(inherited)",
				);
				GCC_WARN_64_TO_32_BIT_CONVERSION = YES;
				GCC_WARN_ABOUT_RETURN_TYPE = YES_ERROR;
				GCC_WARN_UNDECLARED_SELECTOR = YES;
				GCC_WARN_UNINITIALIZED_AUTOS = YES_AGGRESSIVE;
				GCC_WARN_UNUSED_FUNCTION = YES;
				GCC_WARN_UNUSED_VARIABLE = YES;
				IPHONEOS_DEPLOYMENT_TARGET = 9.2;
				MTL_ENABLE_DEBUG_INFO = YES;
				ONLY_ACTIVE_ARCH = YES;
				SDKROOT = iphoneos;
				SWIFT_OPTIMIZATION_LEVEL = "-Onone";
				TARGETED_DEVICE_FAMILY = "1,2";
			};
			name = Debug;
		};
		3C86D3141C91C6E200FE5ED5 /* Release */ = {
			isa = XCBuildConfiguration;
			buildSettings = {
				ALWAYS_SEARCH_USER_PATHS = NO;
				CLANG_CXX_LANGUAGE_STANDARD = "gnu++0x";
				CLANG_CXX_LIBRARY = "libc++";
				CLANG_ENABLE_MODULES = YES;
				CLANG_ENABLE_OBJC_ARC = YES;
				CLANG_WARN_BOOL_CONVERSION = YES;
				CLANG_WARN_CONSTANT_CONVERSION = YES;
				CLANG_WARN_DIRECT_OBJC_ISA_USAGE = YES_ERROR;
				CLANG_WARN_EMPTY_BODY = YES;
				CLANG_WARN_ENUM_CONVERSION = YES;
				CLANG_WARN_INT_CONVERSION = YES;
				CLANG_WARN_OBJC_ROOT_CLASS = YES_ERROR;
				CLANG_WARN_UNREACHABLE_CODE = YES;
				CLANG_WARN__DUPLICATE_METHOD_MATCH = YES;
				"CODE_SIGN_IDENTITY[sdk=iphoneos*]" = "iPhone Developer";
				COPY_PHASE_STRIP = NO;
				DEBUG_INFORMATION_FORMAT = "dwarf-with-dsym";
				ENABLE_NS_ASSERTIONS = NO;
				ENABLE_STRICT_OBJC_MSGSEND = YES;
				GCC_C_LANGUAGE_STANDARD = gnu99;
				GCC_NO_COMMON_BLOCKS = YES;
				GCC_WARN_64_TO_32_BIT_CONVERSION = YES;
				GCC_WARN_ABOUT_RETURN_TYPE = YES_ERROR;
				GCC_WARN_UNDECLARED_SELECTOR = YES;
				GCC_WARN_UNINITIALIZED_AUTOS = YES_AGGRESSIVE;
				GCC_WARN_UNUSED_FUNCTION = YES;
				GCC_WARN_UNUSED_VARIABLE = YES;
				IPHONEOS_DEPLOYMENT_TARGET = 9.2;
				MTL_ENABLE_DEBUG_INFO = NO;
				SDKROOT = iphoneos;
				TARGETED_DEVICE_FAMILY = "1,2";
				VALIDATE_PRODUCT = YES;
			};
			name = Release;
		};
		3C86D3161C91C6E200FE5ED5 /* Debug */ = {
			isa = XCBuildConfiguration;
			buildSettings = {
				ASSETCATALOG_COMPILER_APPICON_NAME = AppIcon;
				CODE_SIGN_IDENTITY = "iPhone Developer";
				"CODE_SIGN_IDENTITY[sdk=iphoneos*]" = "iPhone Developer";
				INFOPLIST_FILE = NewsReader/Info.plist;
				LD_RUNPATH_SEARCH_PATHS = "$(inherited) @executable_path/Frameworks";
				PRODUCT_BUNDLE_IDENTIFIER = comgmail.leonkeisuke.NewsReader;
				PRODUCT_NAME = "$(TARGET_NAME)";
				PROVISIONING_PROFILE = "";
			};
			name = Debug;
		};
		3C86D3171C91C6E200FE5ED5 /* Release */ = {
			isa = XCBuildConfiguration;
			buildSettings = {
				ASSETCATALOG_COMPILER_APPICON_NAME = AppIcon;
				CODE_SIGN_IDENTITY = "iPhone Developer";
				"CODE_SIGN_IDENTITY[sdk=iphoneos*]" = "iPhone Developer";
				INFOPLIST_FILE = NewsReader/Info.plist;
				LD_RUNPATH_SEARCH_PATHS = "$(inherited) @executable_path/Frameworks";
				PRODUCT_BUNDLE_IDENTIFIER = comgmail.leonkeisuke.NewsReader;
				PRODUCT_NAME = "$(TARGET_NAME)";
				PROVISIONING_PROFILE = "";
			};
			name = Release;
		};
/* End XCBuildConfiguration section */

/* Begin XCConfigurationList section */
		3C86D2FE1C91C6E200FE5ED5 /* Build configuration list for PBXProject "NewsReader" */ = {
			isa = XCConfigurationList;
			buildConfigurations = (
				3C86D3131C91C6E200FE5ED5 /* Debug */,
				3C86D3141C91C6E200FE5ED5 /* Release */,
			);
			defaultConfigurationIsVisible = 0;
			defaultConfigurationName = Release;
		};
		3C86D3151C91C6E200FE5ED5 /* Build configuration list for PBXNativeTarget "NewsReader" */ = {
			isa = XCConfigurationList;
			buildConfigurations = (
				3C86D3161C91C6E200FE5ED5 /* Debug */,
				3C86D3171C91C6E200FE5ED5 /* Release */,
			);
			defaultConfigurationIsVisible = 0;
			defaultConfigurationName = Release;
		};
/* End XCConfigurationList section */
	};
	rootObject = 3C86D2FB1C91C6E200FE5ED5 /* Project object */;
}
